// !$*UTF8*$!
{
	archiveVersion = 1;
	classes = {
	};
	objectVersion = 56;
	objects = {

/* Begin PBXBuildFile section */
		99915A822CB00A6200DE1FD9 /* AppstawkiApp.swift in Sources */ = {isa = PBXBuildFile; fileRef = 99915A812CB00A6200DE1FD9 /* AppstawkiApp.swift */; };
		99915A842CB00A6200DE1FD9 /* AppetizerListView.swift in Sources */ = {isa = PBXBuildFile; fileRef = 99915A832CB00A6200DE1FD9 /* AppetizerListView.swift */; };
		99915A862CB00A6600DE1FD9 /* Assets.xcassets in Resources */ = {isa = PBXBuildFile; fileRef = 99915A852CB00A6600DE1FD9 /* Assets.xcassets */; };
		99915A892CB00A6600DE1FD9 /* Preview Assets.xcassets in Resources */ = {isa = PBXBuildFile; fileRef = 99915A882CB00A6600DE1FD9 /* Preview Assets.xcassets */; };
		99915A932CB00A6600DE1FD9 /* NetworkServiceTests.swift in Sources */ = {isa = PBXBuildFile; fileRef = 99915A922CB00A6600DE1FD9 /* NetworkServiceTests.swift */; };
		99915AAC2CB00AAE00DE1FD9 /* AppetizerTabView.swift in Sources */ = {isa = PBXBuildFile; fileRef = 99915AAB2CB00AAE00DE1FD9 /* AppetizerTabView.swift */; };
		99915AAE2CB00B5000DE1FD9 /* Localizable.xcstrings in Resources */ = {isa = PBXBuildFile; fileRef = 99915AAD2CB00B5000DE1FD9 /* Localizable.xcstrings */; };
		99915AB02CB00BD900DE1FD9 /* AccountView.swift in Sources */ = {isa = PBXBuildFile; fileRef = 99915AAF2CB00BD900DE1FD9 /* AccountView.swift */; };
		99915AB22CB00BFA00DE1FD9 /* OrderView.swift in Sources */ = {isa = PBXBuildFile; fileRef = 99915AB12CB00BFA00DE1FD9 /* OrderView.swift */; };
		99915AB52CB0171B00DE1FD9 /* AppetizerModel.swift in Sources */ = {isa = PBXBuildFile; fileRef = 99915AB42CB0171B00DE1FD9 /* AppetizerModel.swift */; };
		99915AB72CB01F4D00DE1FD9 /* AppetizerListItemView.swift in Sources */ = {isa = PBXBuildFile; fileRef = 99915AB62CB01F4D00DE1FD9 /* AppetizerListItemView.swift */; };
		99915AB92CB1685E00DE1FD9 /* NetworkService.swift in Sources */ = {isa = PBXBuildFile; fileRef = 99915AB82CB1685E00DE1FD9 /* NetworkService.swift */; };
		99915ABB2CB17A1300DE1FD9 /* AppetizerListViewModel.swift in Sources */ = {isa = PBXBuildFile; fileRef = 99915ABA2CB17A1300DE1FD9 /* AppetizerListViewModel.swift */; };
		99915ABE2CB18AC600DE1FD9 /* AlertContext.swift in Sources */ = {isa = PBXBuildFile; fileRef = 99915ABD2CB18AC600DE1FD9 /* AlertContext.swift */; };
		99915AC02CB193C800DE1FD9 /* LoadingView.swift in Sources */ = {isa = PBXBuildFile; fileRef = 99915ABF2CB193C700DE1FD9 /* LoadingView.swift */; };
		99915AC22CB1956300DE1FD9 /* Color+Extension.swift in Sources */ = {isa = PBXBuildFile; fileRef = 99915AC12CB1956300DE1FD9 /* Color+Extension.swift */; };
		99915AC42CB19DCD00DE1FD9 /* RemoteImage.swift in Sources */ = {isa = PBXBuildFile; fileRef = 99915AC32CB19DCD00DE1FD9 /* RemoteImage.swift */; };
		99915ACB2CB41B8400DE1FD9 /* AppetizerDetailsView.swift in Sources */ = {isa = PBXBuildFile; fileRef = 99915ACA2CB41B8400DE1FD9 /* AppetizerDetailsView.swift */; };
		99915ACD2CB4345700DE1FD9 /* AppButton.swift in Sources */ = {isa = PBXBuildFile; fileRef = 99915ACC2CB4345700DE1FD9 /* AppButton.swift */; };
		99915ACF2CB434AE00DE1FD9 /* CloseButton.swift in Sources */ = {isa = PBXBuildFile; fileRef = 99915ACE2CB434AE00DE1FD9 /* CloseButton.swift */; };
		99915AD12CB4366400DE1FD9 /* ParameterView.swift in Sources */ = {isa = PBXBuildFile; fileRef = 99915AD02CB4366400DE1FD9 /* ParameterView.swift */; };
		99915AD32CB575B600DE1FD9 /* MockData.swift in Sources */ = {isa = PBXBuildFile; fileRef = 99915AD22CB575B600DE1FD9 /* MockData.swift */; };
		99915AD52CB577DE00DE1FD9 /* AppetizerDetailsViewModel.swift in Sources */ = {isa = PBXBuildFile; fileRef = 99915AD42CB577DE00DE1FD9 /* AppetizerDetailsViewModel.swift */; };
		99915AD72CB6C74000DE1FD9 /* AccountViewModel.swift in Sources */ = {isa = PBXBuildFile; fileRef = 99915AD62CB6C74000DE1FD9 /* AccountViewModel.swift */; };
		99915AD92CB6E1F800DE1FD9 /* FormItem.swift in Sources */ = {isa = PBXBuildFile; fileRef = 99915AD82CB6E1F800DE1FD9 /* FormItem.swift */; };
		99915ADD2CB6E7CB00DE1FD9 /* String+Extension.swift in Sources */ = {isa = PBXBuildFile; fileRef = 99915ADC2CB6E7CB00DE1FD9 /* String+Extension.swift */; };
		99915ADF2CB83B4000DE1FD9 /* TextFieldEmailView.swift in Sources */ = {isa = PBXBuildFile; fileRef = 99915ADE2CB83B4000DE1FD9 /* TextFieldEmailView.swift */; };
		99915AE72CB92F7600DE1FD9 /* AppetizerListViewTests.swift in Sources */ = {isa = PBXBuildFile; fileRef = 99915AE62CB92F7600DE1FD9 /* AppetizerListViewTests.swift */; };
		99915AEF2CB9316800DE1FD9 /* InlineSnapshotTesting in Frameworks */ = {isa = PBXBuildFile; productRef = 99915AEE2CB9316800DE1FD9 /* InlineSnapshotTesting */; };
		99915AF12CB9316800DE1FD9 /* SnapshotTesting in Frameworks */ = {isa = PBXBuildFile; productRef = 99915AF02CB9316800DE1FD9 /* SnapshotTesting */; };
		99B0215D2CB9403100D135DE /* Nimble in Frameworks */ = {isa = PBXBuildFile; productRef = 99B0215C2CB9403100D135DE /* Nimble */; };
		99DC3A0D2CB965BC0060E695 /* AppURLSession.swift in Sources */ = {isa = PBXBuildFile; fileRef = 99DC3A0C2CB965BC0060E695 /* AppURLSession.swift */; };
		99DC3A0F2CB9700E0060E695 /* URLSessionMock.swift in Sources */ = {isa = PBXBuildFile; fileRef = 99DC3A0E2CB9700E0060E695 /* URLSessionMock.swift */; };
		99DC3A112CB973600060E695 /* AppStubs.swift in Sources */ = {isa = PBXBuildFile; fileRef = 99DC3A102CB973600060E695 /* AppStubs.swift */; };
		99DC3A142CBEAA430060E695 /* AppError.swift in Sources */ = {isa = PBXBuildFile; fileRef = 99DC3A122CBEA92F0060E695 /* AppError.swift */; };
		99DC3A1B2CBFBE7F0060E695 /* AppModule.swift in Sources */ = {isa = PBXBuildFile; fileRef = 99DC3A1A2CBFBE7F0060E695 /* AppModule.swift */; };
		99DC3A1E2CBFC3190060E695 /* URLSessionMock.swift in Sources */ = {isa = PBXBuildFile; fileRef = 99DC3A0E2CB9700E0060E695 /* URLSessionMock.swift */; };
		99DC3A202CBFC3550060E695 /* AppQueueMock.swift in Sources */ = {isa = PBXBuildFile; fileRef = 99DC3A1F2CBFC3550060E695 /* AppQueueMock.swift */; };
		99DC3A212CBFC38A0060E695 /* AppQueueMock.swift in Sources */ = {isa = PBXBuildFile; fileRef = 99DC3A1F2CBFC3550060E695 /* AppQueueMock.swift */; };
		99DC3A232CBFCB320060E695 /* NetworkService+Extension.swift in Sources */ = {isa = PBXBuildFile; fileRef = 99DC3A222CBFCB320060E695 /* NetworkService+Extension.swift */; };
		99DC3A272CBFE5C80060E695 /* ImageCacheProtocol.swift in Sources */ = {isa = PBXBuildFile; fileRef = 99DC3A262CBFE5C80060E695 /* ImageCacheProtocol.swift */; };
		99DC3A292CBFE8420060E695 /* ImageCacheMock.swift in Sources */ = {isa = PBXBuildFile; fileRef = 99DC3A282CBFE8420060E695 /* ImageCacheMock.swift */; };
		99DC3A2A2CBFE8420060E695 /* ImageCacheMock.swift in Sources */ = {isa = PBXBuildFile; fileRef = 99DC3A282CBFE8420060E695 /* ImageCacheMock.swift */; };
		99DC3A2D2CC6E8A90060E695 /* User.swift in Sources */ = {isa = PBXBuildFile; fileRef = 99DC3A2C2CC6E8A90060E695 /* User.swift */; };
		99DC3A2F2CC6E8F10060E695 /* UserStorage.swift in Sources */ = {isa = PBXBuildFile; fileRef = 99DC3A2E2CC6E8F10060E695 /* UserStorage.swift */; };
		99DC3A312CC833FD0060E695 /* EmptyStateView.swift in Sources */ = {isa = PBXBuildFile; fileRef = 99DC3A302CC833FD0060E695 /* EmptyStateView.swift */; };
		99DC3A332CC8398C0060E695 /* Order.swift in Sources */ = {isa = PBXBuildFile; fileRef = 99DC3A322CC8398C0060E695 /* Order.swift */; };
		99DC3A352CC83FE50060E695 /* CurrencyFormatter.swift in Sources */ = {isa = PBXBuildFile; fileRef = 99DC3A342CC83FE50060E695 /* CurrencyFormatter.swift */; };
		99DC3A382CC91D200060E695 /* CustomModifiers.swift in Sources */ = {isa = PBXBuildFile; fileRef = 99DC3A372CC91D200060E695 /* CustomModifiers.swift */; };
/* End PBXBuildFile section */

/* Begin PBXContainerItemProxy section */
		99915A8F2CB00A6600DE1FD9 /* PBXContainerItemProxy */ = {
			isa = PBXContainerItemProxy;
			containerPortal = 99915A762CB00A6200DE1FD9 /* Project object */;
			proxyType = 1;
			remoteGlobalIDString = 99915A7D2CB00A6200DE1FD9;
			remoteInfo = Appstawki;
		};
		99915AE82CB92F7600DE1FD9 /* PBXContainerItemProxy */ = {
			isa = PBXContainerItemProxy;
			containerPortal = 99915A762CB00A6200DE1FD9 /* Project object */;
			proxyType = 1;
			remoteGlobalIDString = 99915A7D2CB00A6200DE1FD9;
			remoteInfo = Appstawki;
		};
/* End PBXContainerItemProxy section */

/* Begin PBXFileReference section */
		99915A7E2CB00A6200DE1FD9 /* Appstawki.app */ = {isa = PBXFileReference; explicitFileType = wrapper.application; includeInIndex = 0; path = Appstawki.app; sourceTree = BUILT_PRODUCTS_DIR; };
		99915A812CB00A6200DE1FD9 /* AppstawkiApp.swift */ = {isa = PBXFileReference; lastKnownFileType = sourcecode.swift; path = AppstawkiApp.swift; sourceTree = "<group>"; };
		99915A832CB00A6200DE1FD9 /* AppetizerListView.swift */ = {isa = PBXFileReference; lastKnownFileType = sourcecode.swift; path = AppetizerListView.swift; sourceTree = "<group>"; };
		99915A852CB00A6600DE1FD9 /* Assets.xcassets */ = {isa = PBXFileReference; lastKnownFileType = folder.assetcatalog; path = Assets.xcassets; sourceTree = "<group>"; };
		99915A882CB00A6600DE1FD9 /* Preview Assets.xcassets */ = {isa = PBXFileReference; lastKnownFileType = folder.assetcatalog; path = "Preview Assets.xcassets"; sourceTree = "<group>"; };
		99915A8E2CB00A6600DE1FD9 /* AppstawkiTests.xctest */ = {isa = PBXFileReference; explicitFileType = wrapper.cfbundle; includeInIndex = 0; path = AppstawkiTests.xctest; sourceTree = BUILT_PRODUCTS_DIR; };
		99915A922CB00A6600DE1FD9 /* NetworkServiceTests.swift */ = {isa = PBXFileReference; lastKnownFileType = sourcecode.swift; path = NetworkServiceTests.swift; sourceTree = "<group>"; };
		99915A9C2CB00A6700DE1FD9 /* AppstawkiUITests.swift */ = {isa = PBXFileReference; lastKnownFileType = sourcecode.swift; path = AppstawkiUITests.swift; sourceTree = "<group>"; };
		99915A9E2CB00A6700DE1FD9 /* AppstawkiUITestsLaunchTests.swift */ = {isa = PBXFileReference; lastKnownFileType = sourcecode.swift; path = AppstawkiUITestsLaunchTests.swift; sourceTree = "<group>"; };
		99915AAB2CB00AAE00DE1FD9 /* AppetizerTabView.swift */ = {isa = PBXFileReference; lastKnownFileType = sourcecode.swift; path = AppetizerTabView.swift; sourceTree = "<group>"; };
		99915AAD2CB00B5000DE1FD9 /* Localizable.xcstrings */ = {isa = PBXFileReference; lastKnownFileType = text.json.xcstrings; path = Localizable.xcstrings; sourceTree = "<group>"; };
		99915AAF2CB00BD900DE1FD9 /* AccountView.swift */ = {isa = PBXFileReference; lastKnownFileType = sourcecode.swift; path = AccountView.swift; sourceTree = "<group>"; };
		99915AB12CB00BFA00DE1FD9 /* OrderView.swift */ = {isa = PBXFileReference; lastKnownFileType = sourcecode.swift; path = OrderView.swift; sourceTree = "<group>"; };
		99915AB42CB0171B00DE1FD9 /* AppetizerModel.swift */ = {isa = PBXFileReference; lastKnownFileType = sourcecode.swift; path = AppetizerModel.swift; sourceTree = "<group>"; };
		99915AB62CB01F4D00DE1FD9 /* AppetizerListItemView.swift */ = {isa = PBXFileReference; lastKnownFileType = sourcecode.swift; path = AppetizerListItemView.swift; sourceTree = "<group>"; };
		99915AB82CB1685E00DE1FD9 /* NetworkService.swift */ = {isa = PBXFileReference; lastKnownFileType = sourcecode.swift; path = NetworkService.swift; sourceTree = "<group>"; };
		99915ABA2CB17A1300DE1FD9 /* AppetizerListViewModel.swift */ = {isa = PBXFileReference; lastKnownFileType = sourcecode.swift; path = AppetizerListViewModel.swift; sourceTree = "<group>"; };
		99915ABD2CB18AC600DE1FD9 /* AlertContext.swift */ = {isa = PBXFileReference; lastKnownFileType = sourcecode.swift; path = AlertContext.swift; sourceTree = "<group>"; };
		99915ABF2CB193C700DE1FD9 /* LoadingView.swift */ = {isa = PBXFileReference; lastKnownFileType = sourcecode.swift; path = LoadingView.swift; sourceTree = "<group>"; };
		99915AC12CB1956300DE1FD9 /* Color+Extension.swift */ = {isa = PBXFileReference; lastKnownFileType = sourcecode.swift; path = "Color+Extension.swift"; sourceTree = "<group>"; };
		99915AC32CB19DCD00DE1FD9 /* RemoteImage.swift */ = {isa = PBXFileReference; lastKnownFileType = sourcecode.swift; path = RemoteImage.swift; sourceTree = "<group>"; };
		99915ACA2CB41B8400DE1FD9 /* AppetizerDetailsView.swift */ = {isa = PBXFileReference; lastKnownFileType = sourcecode.swift; path = AppetizerDetailsView.swift; sourceTree = "<group>"; };
		99915ACC2CB4345700DE1FD9 /* AppButton.swift */ = {isa = PBXFileReference; lastKnownFileType = sourcecode.swift; path = AppButton.swift; sourceTree = "<group>"; };
		99915ACE2CB434AE00DE1FD9 /* CloseButton.swift */ = {isa = PBXFileReference; lastKnownFileType = sourcecode.swift; path = CloseButton.swift; sourceTree = "<group>"; };
		99915AD02CB4366400DE1FD9 /* ParameterView.swift */ = {isa = PBXFileReference; lastKnownFileType = sourcecode.swift; path = ParameterView.swift; sourceTree = "<group>"; };
		99915AD22CB575B600DE1FD9 /* MockData.swift */ = {isa = PBXFileReference; lastKnownFileType = sourcecode.swift; path = MockData.swift; sourceTree = "<group>"; };
		99915AD42CB577DE00DE1FD9 /* AppetizerDetailsViewModel.swift */ = {isa = PBXFileReference; lastKnownFileType = sourcecode.swift; name = AppetizerDetailsViewModel.swift; path = Appstawki/Screens/List/Details/AppetizerDetailsViewModel.swift; sourceTree = SOURCE_ROOT; };
		99915AD62CB6C74000DE1FD9 /* AccountViewModel.swift */ = {isa = PBXFileReference; lastKnownFileType = sourcecode.swift; path = AccountViewModel.swift; sourceTree = "<group>"; };
		99915AD82CB6E1F800DE1FD9 /* FormItem.swift */ = {isa = PBXFileReference; lastKnownFileType = sourcecode.swift; path = FormItem.swift; sourceTree = "<group>"; };
		99915ADC2CB6E7CB00DE1FD9 /* String+Extension.swift */ = {isa = PBXFileReference; fileEncoding = 4; lastKnownFileType = sourcecode.swift; path = "String+Extension.swift"; sourceTree = "<group>"; };
		99915ADE2CB83B4000DE1FD9 /* TextFieldEmailView.swift */ = {isa = PBXFileReference; lastKnownFileType = sourcecode.swift; path = TextFieldEmailView.swift; sourceTree = "<group>"; };
		99915AE42CB92F7600DE1FD9 /* SnapshotsTests.xctest */ = {isa = PBXFileReference; explicitFileType = wrapper.cfbundle; includeInIndex = 0; path = SnapshotsTests.xctest; sourceTree = BUILT_PRODUCTS_DIR; };
		99915AE62CB92F7600DE1FD9 /* AppetizerListViewTests.swift */ = {isa = PBXFileReference; lastKnownFileType = sourcecode.swift; path = AppetizerListViewTests.swift; sourceTree = "<group>"; };
		99DC3A0C2CB965BC0060E695 /* AppURLSession.swift */ = {isa = PBXFileReference; lastKnownFileType = sourcecode.swift; path = AppURLSession.swift; sourceTree = "<group>"; };
		99DC3A0E2CB9700E0060E695 /* URLSessionMock.swift */ = {isa = PBXFileReference; lastKnownFileType = sourcecode.swift; path = URLSessionMock.swift; sourceTree = "<group>"; };
		99DC3A102CB973600060E695 /* AppStubs.swift */ = {isa = PBXFileReference; lastKnownFileType = sourcecode.swift; path = AppStubs.swift; sourceTree = "<group>"; };
		99DC3A122CBEA92F0060E695 /* AppError.swift */ = {isa = PBXFileReference; lastKnownFileType = sourcecode.swift; path = AppError.swift; sourceTree = "<group>"; };
		99DC3A1A2CBFBE7F0060E695 /* AppModule.swift */ = {isa = PBXFileReference; lastKnownFileType = sourcecode.swift; path = AppModule.swift; sourceTree = "<group>"; };
		99DC3A1F2CBFC3550060E695 /* AppQueueMock.swift */ = {isa = PBXFileReference; lastKnownFileType = sourcecode.swift; path = AppQueueMock.swift; sourceTree = "<group>"; };
		99DC3A222CBFCB320060E695 /* NetworkService+Extension.swift */ = {isa = PBXFileReference; lastKnownFileType = sourcecode.swift; path = "NetworkService+Extension.swift"; sourceTree = "<group>"; };
		99DC3A262CBFE5C80060E695 /* ImageCacheProtocol.swift */ = {isa = PBXFileReference; lastKnownFileType = sourcecode.swift; path = ImageCacheProtocol.swift; sourceTree = "<group>"; };
		99DC3A282CBFE8420060E695 /* ImageCacheMock.swift */ = {isa = PBXFileReference; lastKnownFileType = sourcecode.swift; path = ImageCacheMock.swift; sourceTree = "<group>"; };
		99DC3A2C2CC6E8A90060E695 /* User.swift */ = {isa = PBXFileReference; lastKnownFileType = sourcecode.swift; path = User.swift; sourceTree = "<group>"; };
		99DC3A2E2CC6E8F10060E695 /* UserStorage.swift */ = {isa = PBXFileReference; lastKnownFileType = sourcecode.swift; path = UserStorage.swift; sourceTree = "<group>"; };
		99DC3A302CC833FD0060E695 /* EmptyStateView.swift */ = {isa = PBXFileReference; lastKnownFileType = sourcecode.swift; path = EmptyStateView.swift; sourceTree = "<group>"; };
		99DC3A322CC8398C0060E695 /* Order.swift */ = {isa = PBXFileReference; lastKnownFileType = sourcecode.swift; path = Order.swift; sourceTree = "<group>"; };
		99DC3A342CC83FE50060E695 /* CurrencyFormatter.swift */ = {isa = PBXFileReference; lastKnownFileType = sourcecode.swift; path = CurrencyFormatter.swift; sourceTree = "<group>"; };
		99DC3A372CC91D200060E695 /* CustomModifiers.swift */ = {isa = PBXFileReference; lastKnownFileType = sourcecode.swift; path = CustomModifiers.swift; sourceTree = "<group>"; };
/* End PBXFileReference section */

/* Begin PBXFrameworksBuildPhase section */
		99915A7B2CB00A6200DE1FD9 /* Frameworks */ = {
			isa = PBXFrameworksBuildPhase;
			buildActionMask = 2147483647;
			files = (
			);
			runOnlyForDeploymentPostprocessing = 0;
		};
		99915A8B2CB00A6600DE1FD9 /* Frameworks */ = {
			isa = PBXFrameworksBuildPhase;
			buildActionMask = 2147483647;
			files = (
				99B0215D2CB9403100D135DE /* Nimble in Frameworks */,
			);
			runOnlyForDeploymentPostprocessing = 0;
		};
		99915AE12CB92F7600DE1FD9 /* Frameworks */ = {
			isa = PBXFrameworksBuildPhase;
			buildActionMask = 2147483647;
			files = (
				99915AEF2CB9316800DE1FD9 /* InlineSnapshotTesting in Frameworks */,
				99915AF12CB9316800DE1FD9 /* SnapshotTesting in Frameworks */,
			);
			runOnlyForDeploymentPostprocessing = 0;
		};
/* End PBXFrameworksBuildPhase section */

/* Begin PBXGroup section */
		99915A752CB00A6200DE1FD9 = {
			isa = PBXGroup;
			children = (
				99915A802CB00A6200DE1FD9 /* Appstawki */,
				99915A912CB00A6600DE1FD9 /* AppstawkiTests */,
				99915A9B2CB00A6600DE1FD9 /* AppstawkiUITests */,
				99915AE52CB92F7600DE1FD9 /* SnapshotsTests */,
				99915A7F2CB00A6200DE1FD9 /* Products */,
			);
			sourceTree = "<group>";
		};
		99915A7F2CB00A6200DE1FD9 /* Products */ = {
			isa = PBXGroup;
			children = (
				99915A7E2CB00A6200DE1FD9 /* Appstawki.app */,
				99915A8E2CB00A6600DE1FD9 /* AppstawkiTests.xctest */,
				99915AE42CB92F7600DE1FD9 /* SnapshotsTests.xctest */,
			);
			name = Products;
			sourceTree = "<group>";
		};
		99915A802CB00A6200DE1FD9 /* Appstawki */ = {
			isa = PBXGroup;
			children = (
				99915A812CB00A6200DE1FD9 /* AppstawkiApp.swift */,
				99DC3A192CBFBE700060E695 /* AppModule */,
				99915AC52CB1A45A00DE1FD9 /* Screens */,
				99915AC82CB404E100DE1FD9 /* Extensions */,
				99915AB32CB0170700DE1FD9 /* Data */,
				99915A852CB00A6600DE1FD9 /* Assets.xcassets */,
				99915AAD2CB00B5000DE1FD9 /* Localizable.xcstrings */,
				99915A872CB00A6600DE1FD9 /* Preview Content */,
			);
			path = Appstawki;
			sourceTree = "<group>";
		};
		99915A872CB00A6600DE1FD9 /* Preview Content */ = {
			isa = PBXGroup;
			children = (
				99915A882CB00A6600DE1FD9 /* Preview Assets.xcassets */,
			);
			path = "Preview Content";
			sourceTree = "<group>";
		};
		99915A912CB00A6600DE1FD9 /* AppstawkiTests */ = {
			isa = PBXGroup;
			children = (
				99915A922CB00A6600DE1FD9 /* NetworkServiceTests.swift */,
				99DC3A162CBEAA780060E695 /* NetworkService */,
				99DC3A102CB973600060E695 /* AppStubs.swift */,
			);
			path = AppstawkiTests;
			sourceTree = "<group>";
		};
		99915A9B2CB00A6600DE1FD9 /* AppstawkiUITests */ = {
			isa = PBXGroup;
			children = (
				99915A9C2CB00A6700DE1FD9 /* AppstawkiUITests.swift */,
				99915A9E2CB00A6700DE1FD9 /* AppstawkiUITestsLaunchTests.swift */,
			);
			path = AppstawkiUITests;
			sourceTree = "<group>";
		};
		99915AB32CB0170700DE1FD9 /* Data */ = {
			isa = PBXGroup;
			children = (
				99DC3A122CBEA92F0060E695 /* AppError.swift */,
				99915AB82CB1685E00DE1FD9 /* NetworkService.swift */,
				99DC3A0C2CB965BC0060E695 /* AppURLSession.swift */,
				99DC3A262CBFE5C80060E695 /* ImageCacheProtocol.swift */,
				99915AB42CB0171B00DE1FD9 /* AppetizerModel.swift */,
				99915AD22CB575B600DE1FD9 /* MockData.swift */,
			);
			path = Data;
			sourceTree = "<group>";
		};
		99915ABC2CB17A1C00DE1FD9 /* List */ = {
			isa = PBXGroup;
			children = (
				99915A832CB00A6200DE1FD9 /* AppetizerListView.swift */,
				99915ABA2CB17A1300DE1FD9 /* AppetizerListViewModel.swift */,
				99915AB62CB01F4D00DE1FD9 /* AppetizerListItemView.swift */,
				99915ABF2CB193C700DE1FD9 /* LoadingView.swift */,
				99915AC32CB19DCD00DE1FD9 /* RemoteImage.swift */,
				99915AC92CB41B3F00DE1FD9 /* Details */,
			);
			path = List;
			sourceTree = "<group>";
		};
		99915AC52CB1A45A00DE1FD9 /* Screens */ = {
			isa = PBXGroup;
			children = (
				99915AAB2CB00AAE00DE1FD9 /* AppetizerTabView.swift */,
				99DC3A392CC9240C0060E695 /* Enviroment */,
				99DC3A362CC91CFA0060E695 /* Views */,
				99915ABC2CB17A1C00DE1FD9 /* List */,
				99915AC62CB1A48400DE1FD9 /* Account */,
				99915AC72CB1A49100DE1FD9 /* Order */,
			);
			path = Screens;
			sourceTree = "<group>";
		};
		99915AC62CB1A48400DE1FD9 /* Account */ = {
			isa = PBXGroup;
			children = (
				99915AAF2CB00BD900DE1FD9 /* AccountView.swift */,
				99915ADE2CB83B4000DE1FD9 /* TextFieldEmailView.swift */,
				99915AD82CB6E1F800DE1FD9 /* FormItem.swift */,
				99915AD62CB6C74000DE1FD9 /* AccountViewModel.swift */,
				99DC3A2B2CC6E89A0060E695 /* Storage */,
			);
			path = Account;
			sourceTree = "<group>";
		};
		99915AC72CB1A49100DE1FD9 /* Order */ = {
			isa = PBXGroup;
			children = (
				99915AB12CB00BFA00DE1FD9 /* OrderView.swift */,
				99DC3A302CC833FD0060E695 /* EmptyStateView.swift */,
			);
			path = Order;
			sourceTree = "<group>";
		};
		99915AC82CB404E100DE1FD9 /* Extensions */ = {
			isa = PBXGroup;
			children = (
				99915ABD2CB18AC600DE1FD9 /* AlertContext.swift */,
				99915AC12CB1956300DE1FD9 /* Color+Extension.swift */,
				99915ADC2CB6E7CB00DE1FD9 /* String+Extension.swift */,
				99DC3A222CBFCB320060E695 /* NetworkService+Extension.swift */,
			);
			path = Extensions;
			sourceTree = "<group>";
		};
		99915AC92CB41B3F00DE1FD9 /* Details */ = {
			isa = PBXGroup;
			children = (
				99915AD42CB577DE00DE1FD9 /* AppetizerDetailsViewModel.swift */,
				99915ACA2CB41B8400DE1FD9 /* AppetizerDetailsView.swift */,
				99915ACE2CB434AE00DE1FD9 /* CloseButton.swift */,
				99915AD02CB4366400DE1FD9 /* ParameterView.swift */,
			);
			path = Details;
			sourceTree = "<group>";
		};
		99915AE52CB92F7600DE1FD9 /* SnapshotsTests */ = {
			isa = PBXGroup;
			children = (
				99915AE62CB92F7600DE1FD9 /* AppetizerListViewTests.swift */,
			);
			path = SnapshotsTests;
			sourceTree = "<group>";
		};
		99DC3A162CBEAA780060E695 /* NetworkService */ = {
			isa = PBXGroup;
			children = (
				99DC3A282CBFE8420060E695 /* ImageCacheMock.swift */,
				99DC3A0E2CB9700E0060E695 /* URLSessionMock.swift */,
				99DC3A1F2CBFC3550060E695 /* AppQueueMock.swift */,
			);
			path = NetworkService;
			sourceTree = "<group>";
		};
		99DC3A192CBFBE700060E695 /* AppModule */ = {
			isa = PBXGroup;
			children = (
				99DC3A1A2CBFBE7F0060E695 /* AppModule.swift */,
			);
			path = AppModule;
			sourceTree = "<group>";
		};
		99DC3A2B2CC6E89A0060E695 /* Storage */ = {
			isa = PBXGroup;
			children = (
				99DC3A2E2CC6E8F10060E695 /* UserStorage.swift */,
				99DC3A2C2CC6E8A90060E695 /* User.swift */,
			);
			path = Storage;
			sourceTree = "<group>";
		};
		99DC3A362CC91CFA0060E695 /* Views */ = {
			isa = PBXGroup;
			children = (
				99915ACC2CB4345700DE1FD9 /* AppButton.swift */,
				99DC3A372CC91D200060E695 /* CustomModifiers.swift */,
			);
			path = Views;
			sourceTree = "<group>";
		};
		99DC3A392CC9240C0060E695 /* Enviroment */ = {
			isa = PBXGroup;
			children = (
				99DC3A342CC83FE50060E695 /* CurrencyFormatter.swift */,
				99DC3A322CC8398C0060E695 /* Order.swift */,
			);
			path = Enviroment;
			sourceTree = "<group>";
		};
/* End PBXGroup section */

/* Begin PBXNativeTarget section */
		99915A7D2CB00A6200DE1FD9 /* Appstawki */ = {
			isa = PBXNativeTarget;
			buildConfigurationList = 99915AA22CB00A6700DE1FD9 /* Build configuration list for PBXNativeTarget "Appstawki" */;
			buildPhases = (
				99915A7A2CB00A6200DE1FD9 /* Sources */,
				99915A7B2CB00A6200DE1FD9 /* Frameworks */,
				99915A7C2CB00A6200DE1FD9 /* Resources */,
			);
			buildRules = (
			);
			dependencies = (
			);
			name = Appstawki;
			productName = Appstawki;
			productReference = 99915A7E2CB00A6200DE1FD9 /* Appstawki.app */;
			productType = "com.apple.product-type.application";
		};
		99915A8D2CB00A6600DE1FD9 /* AppstawkiTests */ = {
			isa = PBXNativeTarget;
			buildConfigurationList = 99915AA52CB00A6700DE1FD9 /* Build configuration list for PBXNativeTarget "AppstawkiTests" */;
			buildPhases = (
				99915A8A2CB00A6600DE1FD9 /* Sources */,
				99915A8B2CB00A6600DE1FD9 /* Frameworks */,
				99915A8C2CB00A6600DE1FD9 /* Resources */,
			);
			buildRules = (
			);
			dependencies = (
				99915A902CB00A6600DE1FD9 /* PBXTargetDependency */,
			);
			name = AppstawkiTests;
			productName = AppstawkiTests;
			productReference = 99915A8E2CB00A6600DE1FD9 /* AppstawkiTests.xctest */;
			productType = "com.apple.product-type.bundle.unit-test";
		};
		99915AE32CB92F7600DE1FD9 /* SnapshotsTests */ = {
			isa = PBXNativeTarget;
			buildConfigurationList = 99915AEA2CB92F7600DE1FD9 /* Build configuration list for PBXNativeTarget "SnapshotsTests" */;
			buildPhases = (
				99915AE02CB92F7600DE1FD9 /* Sources */,
				99915AE12CB92F7600DE1FD9 /* Frameworks */,
				99915AE22CB92F7600DE1FD9 /* Resources */,
			);
			buildRules = (
			);
			dependencies = (
				99915AE92CB92F7600DE1FD9 /* PBXTargetDependency */,
			);
			name = SnapshotsTests;
			packageProductDependencies = (
				99915AEE2CB9316800DE1FD9 /* InlineSnapshotTesting */,
				99915AF02CB9316800DE1FD9 /* SnapshotTesting */,
			);
			productName = SnapshotsTests;
			productReference = 99915AE42CB92F7600DE1FD9 /* SnapshotsTests.xctest */;
			productType = "com.apple.product-type.bundle.unit-test";
		};
/* End PBXNativeTarget section */

/* Begin PBXProject section */
		99915A762CB00A6200DE1FD9 /* Project object */ = {
			isa = PBXProject;
			attributes = {
				BuildIndependentTargetsInParallel = 1;
				LastSwiftUpdateCheck = 1520;
				LastUpgradeCheck = 1520;
				TargetAttributes = {
					99915A7D2CB00A6200DE1FD9 = {
						CreatedOnToolsVersion = 15.2;
					};
					99915A8D2CB00A6600DE1FD9 = {
						CreatedOnToolsVersion = 15.2;
						TestTargetID = 99915A7D2CB00A6200DE1FD9;
					};
					99915AE32CB92F7600DE1FD9 = {
						CreatedOnToolsVersion = 15.2;
						TestTargetID = 99915A7D2CB00A6200DE1FD9;
					};
				};
			};
			buildConfigurationList = 99915A792CB00A6200DE1FD9 /* Build configuration list for PBXProject "Appstawki" */;
			compatibilityVersion = "Xcode 14.0";
			developmentRegion = en;
			hasScannedForEncodings = 0;
			knownRegions = (
				en,
				Base,
				pl,
			);
			mainGroup = 99915A752CB00A6200DE1FD9;
			packageReferences = (
				99915AED2CB9316800DE1FD9 /* XCRemoteSwiftPackageReference "swift-snapshot-testing" */,
				99B0215B2CB9403100D135DE /* XCRemoteSwiftPackageReference "Nimble" */,
			);
			productRefGroup = 99915A7F2CB00A6200DE1FD9 /* Products */;
			projectDirPath = "";
			projectRoot = "";
			targets = (
				99915A7D2CB00A6200DE1FD9 /* Appstawki */,
				99915A8D2CB00A6600DE1FD9 /* AppstawkiTests */,
				99915AE32CB92F7600DE1FD9 /* SnapshotsTests */,
			);
		};
/* End PBXProject section */

/* Begin PBXResourcesBuildPhase section */
		99915A7C2CB00A6200DE1FD9 /* Resources */ = {
			isa = PBXResourcesBuildPhase;
			buildActionMask = 2147483647;
			files = (
				99915A892CB00A6600DE1FD9 /* Preview Assets.xcassets in Resources */,
				99915A862CB00A6600DE1FD9 /* Assets.xcassets in Resources */,
				99915AAE2CB00B5000DE1FD9 /* Localizable.xcstrings in Resources */,
			);
			runOnlyForDeploymentPostprocessing = 0;
		};
		99915A8C2CB00A6600DE1FD9 /* Resources */ = {
			isa = PBXResourcesBuildPhase;
			buildActionMask = 2147483647;
			files = (
			);
			runOnlyForDeploymentPostprocessing = 0;
		};
		99915AE22CB92F7600DE1FD9 /* Resources */ = {
			isa = PBXResourcesBuildPhase;
			buildActionMask = 2147483647;
			files = (
			);
			runOnlyForDeploymentPostprocessing = 0;
		};
/* End PBXResourcesBuildPhase section */

/* Begin PBXSourcesBuildPhase section */
		99915A7A2CB00A6200DE1FD9 /* Sources */ = {
			isa = PBXSourcesBuildPhase;
			buildActionMask = 2147483647;
			files = (
				99915ABE2CB18AC600DE1FD9 /* AlertContext.swift in Sources */,
				99DC3A352CC83FE50060E695 /* CurrencyFormatter.swift in Sources */,
				99915AB72CB01F4D00DE1FD9 /* AppetizerListItemView.swift in Sources */,
				99DC3A332CC8398C0060E695 /* Order.swift in Sources */,
				99915AB52CB0171B00DE1FD9 /* AppetizerModel.swift in Sources */,
				99915AC02CB193C800DE1FD9 /* LoadingView.swift in Sources */,
				99DC3A272CBFE5C80060E695 /* ImageCacheProtocol.swift in Sources */,
				99915ACB2CB41B8400DE1FD9 /* AppetizerDetailsView.swift in Sources */,
				99DC3A1B2CBFBE7F0060E695 /* AppModule.swift in Sources */,
				99915AB92CB1685E00DE1FD9 /* NetworkService.swift in Sources */,
				99DC3A2D2CC6E8A90060E695 /* User.swift in Sources */,
				99915AD72CB6C74000DE1FD9 /* AccountViewModel.swift in Sources */,
				99915AD92CB6E1F800DE1FD9 /* FormItem.swift in Sources */,
				99915AB02CB00BD900DE1FD9 /* AccountView.swift in Sources */,
				99915AC42CB19DCD00DE1FD9 /* RemoteImage.swift in Sources */,
				99915ABB2CB17A1300DE1FD9 /* AppetizerListViewModel.swift in Sources */,
				99DC3A2F2CC6E8F10060E695 /* UserStorage.swift in Sources */,
				99915ACD2CB4345700DE1FD9 /* AppButton.swift in Sources */,
				99915ADD2CB6E7CB00DE1FD9 /* String+Extension.swift in Sources */,
				99DC3A232CBFCB320060E695 /* NetworkService+Extension.swift in Sources */,
				99915AD52CB577DE00DE1FD9 /* AppetizerDetailsViewModel.swift in Sources */,
				99915AC22CB1956300DE1FD9 /* Color+Extension.swift in Sources */,
				99915AAC2CB00AAE00DE1FD9 /* AppetizerTabView.swift in Sources */,
				99DC3A382CC91D200060E695 /* CustomModifiers.swift in Sources */,
				99915A842CB00A6200DE1FD9 /* AppetizerListView.swift in Sources */,
				99DC3A312CC833FD0060E695 /* EmptyStateView.swift in Sources */,
				99DC3A142CBEAA430060E695 /* AppError.swift in Sources */,
				99915AD32CB575B600DE1FD9 /* MockData.swift in Sources */,
				99915A822CB00A6200DE1FD9 /* AppstawkiApp.swift in Sources */,
				99915ACF2CB434AE00DE1FD9 /* CloseButton.swift in Sources */,
				99915AB22CB00BFA00DE1FD9 /* OrderView.swift in Sources */,
				99DC3A0D2CB965BC0060E695 /* AppURLSession.swift in Sources */,
				99915ADF2CB83B4000DE1FD9 /* TextFieldEmailView.swift in Sources */,
				99915AD12CB4366400DE1FD9 /* ParameterView.swift in Sources */,
			);
			runOnlyForDeploymentPostprocessing = 0;
		};
		99915A8A2CB00A6600DE1FD9 /* Sources */ = {
			isa = PBXSourcesBuildPhase;
			buildActionMask = 2147483647;
			files = (
				99DC3A2A2CBFE8420060E695 /* ImageCacheMock.swift in Sources */,
				99DC3A0F2CB9700E0060E695 /* URLSessionMock.swift in Sources */,
				99DC3A202CBFC3550060E695 /* AppQueueMock.swift in Sources */,
				99915A932CB00A6600DE1FD9 /* NetworkServiceTests.swift in Sources */,
				99DC3A112CB973600060E695 /* AppStubs.swift in Sources */,
			);
			runOnlyForDeploymentPostprocessing = 0;
		};
		99915AE02CB92F7600DE1FD9 /* Sources */ = {
			isa = PBXSourcesBuildPhase;
			buildActionMask = 2147483647;
			files = (
				99DC3A292CBFE8420060E695 /* ImageCacheMock.swift in Sources */,
				99DC3A1E2CBFC3190060E695 /* URLSessionMock.swift in Sources */,
				99DC3A212CBFC38A0060E695 /* AppQueueMock.swift in Sources */,
				99915AE72CB92F7600DE1FD9 /* AppetizerListViewTests.swift in Sources */,
			);
			runOnlyForDeploymentPostprocessing = 0;
		};
/* End PBXSourcesBuildPhase section */

/* Begin PBXTargetDependency section */
		99915A902CB00A6600DE1FD9 /* PBXTargetDependency */ = {
			isa = PBXTargetDependency;
			target = 99915A7D2CB00A6200DE1FD9 /* Appstawki */;
			targetProxy = 99915A8F2CB00A6600DE1FD9 /* PBXContainerItemProxy */;
		};
		99915AE92CB92F7600DE1FD9 /* PBXTargetDependency */ = {
			isa = PBXTargetDependency;
			target = 99915A7D2CB00A6200DE1FD9 /* Appstawki */;
			targetProxy = 99915AE82CB92F7600DE1FD9 /* PBXContainerItemProxy */;
		};
/* End PBXTargetDependency section */

/* Begin XCBuildConfiguration section */
		99915AA02CB00A6700DE1FD9 /* Debug */ = {
			isa = XCBuildConfiguration;
			buildSettings = {
				ALWAYS_SEARCH_USER_PATHS = NO;
				ASSETCATALOG_COMPILER_GENERATE_SWIFT_ASSET_SYMBOL_EXTENSIONS = YES;
				CLANG_ANALYZER_NONNULL = YES;
				CLANG_ANALYZER_NUMBER_OBJECT_CONVERSION = YES_AGGRESSIVE;
				CLANG_CXX_LANGUAGE_STANDARD = "gnu++20";
				CLANG_ENABLE_MODULES = YES;
				CLANG_ENABLE_OBJC_ARC = YES;
				CLANG_ENABLE_OBJC_WEAK = YES;
				CLANG_WARN_BLOCK_CAPTURE_AUTORELEASING = YES;
				CLANG_WARN_BOOL_CONVERSION = YES;
				CLANG_WARN_COMMA = YES;
				CLANG_WARN_CONSTANT_CONVERSION = YES;
				CLANG_WARN_DEPRECATED_OBJC_IMPLEMENTATIONS = YES;
				CLANG_WARN_DIRECT_OBJC_ISA_USAGE = YES_ERROR;
				CLANG_WARN_DOCUMENTATION_COMMENTS = YES;
				CLANG_WARN_EMPTY_BODY = YES;
				CLANG_WARN_ENUM_CONVERSION = YES;
				CLANG_WARN_INFINITE_RECURSION = YES;
				CLANG_WARN_INT_CONVERSION = YES;
				CLANG_WARN_NON_LITERAL_NULL_CONVERSION = YES;
				CLANG_WARN_OBJC_IMPLICIT_RETAIN_SELF = YES;
				CLANG_WARN_OBJC_LITERAL_CONVERSION = YES;
				CLANG_WARN_OBJC_ROOT_CLASS = YES_ERROR;
				CLANG_WARN_QUOTED_INCLUDE_IN_FRAMEWORK_HEADER = YES;
				CLANG_WARN_RANGE_LOOP_ANALYSIS = YES;
				CLANG_WARN_STRICT_PROTOTYPES = YES;
				CLANG_WARN_SUSPICIOUS_MOVE = YES;
				CLANG_WARN_UNGUARDED_AVAILABILITY = YES_AGGRESSIVE;
				CLANG_WARN_UNREACHABLE_CODE = YES;
				CLANG_WARN__DUPLICATE_METHOD_MATCH = YES;
				COPY_PHASE_STRIP = NO;
				DEBUG_INFORMATION_FORMAT = dwarf;
				ENABLE_STRICT_OBJC_MSGSEND = YES;
				ENABLE_TESTABILITY = YES;
				ENABLE_USER_SCRIPT_SANDBOXING = YES;
				GCC_C_LANGUAGE_STANDARD = gnu17;
				GCC_DYNAMIC_NO_PIC = NO;
				GCC_NO_COMMON_BLOCKS = YES;
				GCC_OPTIMIZATION_LEVEL = 0;
				GCC_PREPROCESSOR_DEFINITIONS = (
					"DEBUG=1",
					"$(inherited)",
				);
				GCC_WARN_64_TO_32_BIT_CONVERSION = YES;
				GCC_WARN_ABOUT_RETURN_TYPE = YES_ERROR;
				GCC_WARN_UNDECLARED_SELECTOR = YES;
				GCC_WARN_UNINITIALIZED_AUTOS = YES_AGGRESSIVE;
				GCC_WARN_UNUSED_FUNCTION = YES;
				GCC_WARN_UNUSED_VARIABLE = YES;
				IPHONEOS_DEPLOYMENT_TARGET = 17.2;
				LOCALIZATION_PREFERS_STRING_CATALOGS = YES;
				MTL_ENABLE_DEBUG_INFO = INCLUDE_SOURCE;
				MTL_FAST_MATH = YES;
				ONLY_ACTIVE_ARCH = YES;
				SDKROOT = iphoneos;
				SWIFT_ACTIVE_COMPILATION_CONDITIONS = "DEBUG $(inherited)";
				SWIFT_OPTIMIZATION_LEVEL = "-Onone";
			};
			name = Debug;
		};
		99915AA12CB00A6700DE1FD9 /* Release */ = {
			isa = XCBuildConfiguration;
			buildSettings = {
				ALWAYS_SEARCH_USER_PATHS = NO;
				ASSETCATALOG_COMPILER_GENERATE_SWIFT_ASSET_SYMBOL_EXTENSIONS = YES;
				CLANG_ANALYZER_NONNULL = YES;
				CLANG_ANALYZER_NUMBER_OBJECT_CONVERSION = YES_AGGRESSIVE;
				CLANG_CXX_LANGUAGE_STANDARD = "gnu++20";
				CLANG_ENABLE_MODULES = YES;
				CLANG_ENABLE_OBJC_ARC = YES;
				CLANG_ENABLE_OBJC_WEAK = YES;
				CLANG_WARN_BLOCK_CAPTURE_AUTORELEASING = YES;
				CLANG_WARN_BOOL_CONVERSION = YES;
				CLANG_WARN_COMMA = YES;
				CLANG_WARN_CONSTANT_CONVERSION = YES;
				CLANG_WARN_DEPRECATED_OBJC_IMPLEMENTATIONS = YES;
				CLANG_WARN_DIRECT_OBJC_ISA_USAGE = YES_ERROR;
				CLANG_WARN_DOCUMENTATION_COMMENTS = YES;
				CLANG_WARN_EMPTY_BODY = YES;
				CLANG_WARN_ENUM_CONVERSION = YES;
				CLANG_WARN_INFINITE_RECURSION = YES;
				CLANG_WARN_INT_CONVERSION = YES;
				CLANG_WARN_NON_LITERAL_NULL_CONVERSION = YES;
				CLANG_WARN_OBJC_IMPLICIT_RETAIN_SELF = YES;
				CLANG_WARN_OBJC_LITERAL_CONVERSION = YES;
				CLANG_WARN_OBJC_ROOT_CLASS = YES_ERROR;
				CLANG_WARN_QUOTED_INCLUDE_IN_FRAMEWORK_HEADER = YES;
				CLANG_WARN_RANGE_LOOP_ANALYSIS = YES;
				CLANG_WARN_STRICT_PROTOTYPES = YES;
				CLANG_WARN_SUSPICIOUS_MOVE = YES;
				CLANG_WARN_UNGUARDED_AVAILABILITY = YES_AGGRESSIVE;
				CLANG_WARN_UNREACHABLE_CODE = YES;
				CLANG_WARN__DUPLICATE_METHOD_MATCH = YES;
				COPY_PHASE_STRIP = NO;
				DEBUG_INFORMATION_FORMAT = "dwarf-with-dsym";
				ENABLE_NS_ASSERTIONS = NO;
				ENABLE_STRICT_OBJC_MSGSEND = YES;
				ENABLE_USER_SCRIPT_SANDBOXING = YES;
				GCC_C_LANGUAGE_STANDARD = gnu17;
				GCC_NO_COMMON_BLOCKS = YES;
				GCC_WARN_64_TO_32_BIT_CONVERSION = YES;
				GCC_WARN_ABOUT_RETURN_TYPE = YES_ERROR;
				GCC_WARN_UNDECLARED_SELECTOR = YES;
				GCC_WARN_UNINITIALIZED_AUTOS = YES_AGGRESSIVE;
				GCC_WARN_UNUSED_FUNCTION = YES;
				GCC_WARN_UNUSED_VARIABLE = YES;
				IPHONEOS_DEPLOYMENT_TARGET = 17.2;
				LOCALIZATION_PREFERS_STRING_CATALOGS = YES;
				MTL_ENABLE_DEBUG_INFO = NO;
				MTL_FAST_MATH = YES;
				SDKROOT = iphoneos;
				SWIFT_COMPILATION_MODE = wholemodule;
				VALIDATE_PRODUCT = YES;
			};
			name = Release;
		};
		99915AA32CB00A6700DE1FD9 /* Debug */ = {
			isa = XCBuildConfiguration;
			buildSettings = {
				ASSETCATALOG_COMPILER_APPICON_NAME = AppIcon;
				ASSETCATALOG_COMPILER_GLOBAL_ACCENT_COLOR_NAME = AccentColor;
				CODE_SIGN_STYLE = Automatic;
				CURRENT_PROJECT_VERSION = 1;
				DEVELOPMENT_ASSET_PATHS = "\"Appstawki/Preview Content\"";
				DEVELOPMENT_TEAM = Y4KBF2M4M7;
				ENABLE_PREVIEWS = YES;
				GENERATE_INFOPLIST_FILE = YES;
				INFOPLIST_KEY_UIApplicationSceneManifest_Generation = YES;
				INFOPLIST_KEY_UIApplicationSupportsIndirectInputEvents = YES;
				INFOPLIST_KEY_UILaunchScreen_Generation = YES;
				INFOPLIST_KEY_UISupportedInterfaceOrientations_iPad = "UIInterfaceOrientationPortrait UIInterfaceOrientationPortraitUpsideDown UIInterfaceOrientationLandscapeLeft UIInterfaceOrientationLandscapeRight";
				INFOPLIST_KEY_UISupportedInterfaceOrientations_iPhone = "UIInterfaceOrientationPortrait UIInterfaceOrientationLandscapeLeft UIInterfaceOrientationLandscapeRight";
				LD_RUNPATH_SEARCH_PATHS = (
					"$(inherited)",
					"@executable_path/Frameworks",
				);
				MARKETING_VERSION = 1.0;
				PRODUCT_BUNDLE_IDENTIFIER = com.nm2.rafi.Appstawki;
				PRODUCT_NAME = "$(TARGET_NAME)";
				SWIFT_EMIT_LOC_STRINGS = YES;
				SWIFT_VERSION = 5.0;
				TARGETED_DEVICE_FAMILY = "1,2";
			};
			name = Debug;
		};
		99915AA42CB00A6700DE1FD9 /* Release */ = {
			isa = XCBuildConfiguration;
			buildSettings = {
				ASSETCATALOG_COMPILER_APPICON_NAME = AppIcon;
				ASSETCATALOG_COMPILER_GLOBAL_ACCENT_COLOR_NAME = AccentColor;
				CODE_SIGN_STYLE = Automatic;
				CURRENT_PROJECT_VERSION = 1;
				DEVELOPMENT_ASSET_PATHS = "\"Appstawki/Preview Content\"";
				DEVELOPMENT_TEAM = Y4KBF2M4M7;
				ENABLE_PREVIEWS = YES;
				GENERATE_INFOPLIST_FILE = YES;
				INFOPLIST_KEY_UIApplicationSceneManifest_Generation = YES;
				INFOPLIST_KEY_UIApplicationSupportsIndirectInputEvents = YES;
				INFOPLIST_KEY_UILaunchScreen_Generation = YES;
				INFOPLIST_KEY_UISupportedInterfaceOrientations_iPad = "UIInterfaceOrientationPortrait UIInterfaceOrientationPortraitUpsideDown UIInterfaceOrientationLandscapeLeft UIInterfaceOrientationLandscapeRight";
				INFOPLIST_KEY_UISupportedInterfaceOrientations_iPhone = "UIInterfaceOrientationPortrait UIInterfaceOrientationLandscapeLeft UIInterfaceOrientationLandscapeRight";
				LD_RUNPATH_SEARCH_PATHS = (
					"$(inherited)",
					"@executable_path/Frameworks",
				);
				MARKETING_VERSION = 1.0;
				PRODUCT_BUNDLE_IDENTIFIER = com.nm2.rafi.Appstawki;
				PRODUCT_NAME = "$(TARGET_NAME)";
				SWIFT_EMIT_LOC_STRINGS = YES;
				SWIFT_VERSION = 5.0;
				TARGETED_DEVICE_FAMILY = "1,2";
			};
			name = Release;
		};
		99915AA62CB00A6700DE1FD9 /* Debug */ = {
			isa = XCBuildConfiguration;
			buildSettings = {
				ALWAYS_EMBED_SWIFT_STANDARD_LIBRARIES = YES;
				BUNDLE_LOADER = "$(TEST_HOST)";
				CODE_SIGN_STYLE = Automatic;
				CURRENT_PROJECT_VERSION = 1;
				DEVELOPMENT_TEAM = Y4KBF2M4M7;
				GENERATE_INFOPLIST_FILE = YES;
				IPHONEOS_DEPLOYMENT_TARGET = 17.2;
				MARKETING_VERSION = 1.0;
				PRODUCT_BUNDLE_IDENTIFIER = com.nm2.rafi.AppstawkiTests;
				PRODUCT_NAME = "$(TARGET_NAME)";
				SWIFT_EMIT_LOC_STRINGS = NO;
				SWIFT_VERSION = 5.0;
				TARGETED_DEVICE_FAMILY = "1,2";
				TEST_HOST = "$(BUILT_PRODUCTS_DIR)/Appstawki.app/$(BUNDLE_EXECUTABLE_FOLDER_PATH)/Appstawki";
			};
			name = Debug;
		};
		99915AA72CB00A6700DE1FD9 /* Release */ = {
			isa = XCBuildConfiguration;
			buildSettings = {
				ALWAYS_EMBED_SWIFT_STANDARD_LIBRARIES = YES;
				BUNDLE_LOADER = "$(TEST_HOST)";
				CODE_SIGN_STYLE = Automatic;
				CURRENT_PROJECT_VERSION = 1;
				DEVELOPMENT_TEAM = Y4KBF2M4M7;
				GENERATE_INFOPLIST_FILE = YES;
				IPHONEOS_DEPLOYMENT_TARGET = 17.2;
				MARKETING_VERSION = 1.0;
				PRODUCT_BUNDLE_IDENTIFIER = com.nm2.rafi.AppstawkiTests;
				PRODUCT_NAME = "$(TARGET_NAME)";
				SWIFT_EMIT_LOC_STRINGS = NO;
				SWIFT_VERSION = 5.0;
				TARGETED_DEVICE_FAMILY = "1,2";
				TEST_HOST = "$(BUILT_PRODUCTS_DIR)/Appstawki.app/$(BUNDLE_EXECUTABLE_FOLDER_PATH)/Appstawki";
			};
			name = Release;
		};
		99915AEB2CB92F7600DE1FD9 /* Debug */ = {
			isa = XCBuildConfiguration;
			buildSettings = {
				BUNDLE_LOADER = "$(TEST_HOST)";
				CODE_SIGN_STYLE = Automatic;
				CURRENT_PROJECT_VERSION = 1;
				DEVELOPMENT_TEAM = Y4KBF2M4M7;
				GENERATE_INFOPLIST_FILE = YES;
				IPHONEOS_DEPLOYMENT_TARGET = 17.2;
				MACOSX_DEPLOYMENT_TARGET = 14.2;
				MARKETING_VERSION = 1.0;
				PRODUCT_BUNDLE_IDENTIFIER = com.nm2.rafi.SnapshotsTests;
				PRODUCT_NAME = "$(TARGET_NAME)";
				SDKROOT = auto;
				SUPPORTED_PLATFORMS = "iphoneos iphonesimulator macosx";
				SWIFT_EMIT_LOC_STRINGS = NO;
				SWIFT_VERSION = 5.0;
				TARGETED_DEVICE_FAMILY = "1,2";
				TEST_HOST = "$(BUILT_PRODUCTS_DIR)/Appstawki.app/$(BUNDLE_EXECUTABLE_FOLDER_PATH)/Appstawki";
			};
			name = Debug;
		};
		99915AEC2CB92F7600DE1FD9 /* Release */ = {
			isa = XCBuildConfiguration;
			buildSettings = {
				BUNDLE_LOADER = "$(TEST_HOST)";
				CODE_SIGN_STYLE = Automatic;
				CURRENT_PROJECT_VERSION = 1;
				DEVELOPMENT_TEAM = Y4KBF2M4M7;
				GENERATE_INFOPLIST_FILE = YES;
				IPHONEOS_DEPLOYMENT_TARGET = 17.2;
				MACOSX_DEPLOYMENT_TARGET = 14.2;
				MARKETING_VERSION = 1.0;
				PRODUCT_BUNDLE_IDENTIFIER = com.nm2.rafi.SnapshotsTests;
				PRODUCT_NAME = "$(TARGET_NAME)";
				SDKROOT = auto;
				SUPPORTED_PLATFORMS = "iphoneos iphonesimulator macosx";
				SWIFT_EMIT_LOC_STRINGS = NO;
				SWIFT_VERSION = 5.0;
				TARGETED_DEVICE_FAMILY = "1,2";
				TEST_HOST = "$(BUILT_PRODUCTS_DIR)/Appstawki.app/$(BUNDLE_EXECUTABLE_FOLDER_PATH)/Appstawki";
			};
			name = Release;
		};
/* End XCBuildConfiguration section */

/* Begin XCConfigurationList section */
		99915A792CB00A6200DE1FD9 /* Build configuration list for PBXProject "Appstawki" */ = {
			isa = XCConfigurationList;
			buildConfigurations = (
				99915AA02CB00A6700DE1FD9 /* Debug */,
				99915AA12CB00A6700DE1FD9 /* Release */,
			);
			defaultConfigurationIsVisible = 0;
			defaultConfigurationName = Release;
		};
		99915AA22CB00A6700DE1FD9 /* Build configuration list for PBXNativeTarget "Appstawki" */ = {
			isa = XCConfigurationList;
			buildConfigurations = (
				99915AA32CB00A6700DE1FD9 /* Debug */,
				99915AA42CB00A6700DE1FD9 /* Release */,
			);
			defaultConfigurationIsVisible = 0;
			defaultConfigurationName = Release;
		};
		99915AA52CB00A6700DE1FD9 /* Build configuration list for PBXNativeTarget "AppstawkiTests" */ = {
			isa = XCConfigurationList;
			buildConfigurations = (
				99915AA62CB00A6700DE1FD9 /* Debug */,
				99915AA72CB00A6700DE1FD9 /* Release */,
			);
			defaultConfigurationIsVisible = 0;
			defaultConfigurationName = Release;
		};
		99915AEA2CB92F7600DE1FD9 /* Build configuration list for PBXNativeTarget "SnapshotsTests" */ = {
			isa = XCConfigurationList;
			buildConfigurations = (
				99915AEB2CB92F7600DE1FD9 /* Debug */,
				99915AEC2CB92F7600DE1FD9 /* Release */,
			);
			defaultConfigurationIsVisible = 0;
			defaultConfigurationName = Release;
		};
/* End XCConfigurationList section */

/* Begin XCRemoteSwiftPackageReference section */
		99915AED2CB9316800DE1FD9 /* XCRemoteSwiftPackageReference "swift-snapshot-testing" */ = {
			isa = XCRemoteSwiftPackageReference;
			repositoryURL = "https://github.com/pointfreeco/swift-snapshot-testing";
			requirement = {
				kind = upToNextMajorVersion;
				minimumVersion = 1.17.5;
			};
		};
		99B0215B2CB9403100D135DE /* XCRemoteSwiftPackageReference "Nimble" */ = {
			isa = XCRemoteSwiftPackageReference;
			repositoryURL = "https://github.com/Quick/Nimble.git";
			requirement = {
				kind = upToNextMajorVersion;
				minimumVersion = 13.0.0;
			};
		};
/* End XCRemoteSwiftPackageReference section */

/* Begin XCSwiftPackageProductDependency section */
		99915AEE2CB9316800DE1FD9 /* InlineSnapshotTesting */ = {
			isa = XCSwiftPackageProductDependency;
			package = 99915AED2CB9316800DE1FD9 /* XCRemoteSwiftPackageReference "swift-snapshot-testing" */;
			productName = InlineSnapshotTesting;
		};
		99915AF02CB9316800DE1FD9 /* SnapshotTesting */ = {
			isa = XCSwiftPackageProductDependency;
			package = 99915AED2CB9316800DE1FD9 /* XCRemoteSwiftPackageReference "swift-snapshot-testing" */;
			productName = SnapshotTesting;
		};
		99B0215C2CB9403100D135DE /* Nimble */ = {
			isa = XCSwiftPackageProductDependency;
			package = 99B0215B2CB9403100D135DE /* XCRemoteSwiftPackageReference "Nimble" */;
			productName = Nimble;
		};
/* End XCSwiftPackageProductDependency section */
	};
	rootObject = 99915A762CB00A6200DE1FD9 /* Project object */;
}
